
Microsoft Visual Studio Solution File, Format Version 12.00
# Visual Studio 2012
Project("{ECD6D718-D1CF-4119-97F3-97C25A0DFBF9}") = "LightApp", "LightApp\LightApp.lsproj", "{13DFF458-B742-4427-B14B-059A471BE607}"
EndProject
Global
	GlobalSection(SolutionConfigurationPlatforms) = preSolution
		Debug|Any CPU = Debug|Any CPU
		Release|Any CPU = Release|Any CPU
	EndGlobalSection
	GlobalSection(ProjectConfigurationPlatforms) = postSolution
		{13DFF458-B742-4427-B14B-059A471BE607}.Debug|Any CPU.ActiveCfg = Debug|Any CPU
		{13DFF458-B742-4427-B14B-059A471BE607}.Debug|Any CPU.Build.0 = Debug|Any CPU
		{13DFF458-B742-4427-B14B-059A471BE607}.Release|Any CPU.ActiveCfg = Release|Any CPU
		{13DFF458-B742-4427-B14B-059A471BE607}.Release|Any CPU.Build.0 = Release|Any CPU
		{045FEA07-25C2-4356-93AD-4FA8B1B2A423}.Debug|Any CPU.ActiveCfg = Debug|Any CPU
		{045FEA07-25C2-4356-93AD-4FA8B1B2A423}.Debug|Any CPU.Build.0 = Debug|Any CPU
		{045FEA07-25C2-4356-93AD-4FA8B1B2A423}.Release|Any CPU.ActiveCfg = Release|Any CPU
		{045FEA07-25C2-4356-93AD-4FA8B1B2A423}.Release|Any CPU.Build.0 = Release|Any CPU
		{9AF31FBC-9FDE-4D03-AF07-E3D4C74C77A9}.Debug|Any CPU.ActiveCfg = Debug|Any CPU
		{9AF31FBC-9FDE-4D03-AF07-E3D4C74C77A9}.Debug|Any CPU.Build.0 = Debug|Any CPU
		{9AF31FBC-9FDE-4D03-AF07-E3D4C74C77A9}.Release|Any CPU.ActiveCfg = Release|Any CPU
		{9AF31FBC-9FDE-4D03-AF07-E3D4C74C77A9}.Release|Any CPU.Build.0 = Release|Any CPU
		{7B8ADF0B-3243-4F7A-B77D-E579E2B7A8C4}.Debug|Any CPU.ActiveCfg = Debug|Any CPU
		{7B8ADF0B-3243-4F7A-B77D-E579E2B7A8C4}.Debug|Any CPU.Build.0 = Debug|Any CPU
		{7B8ADF0B-3243-4F7A-B77D-E579E2B7A8C4}.Release|Any CPU.ActiveCfg = Release|Any CPU
		{7B8ADF0B-3243-4F7A-B77D-E579E2B7A8C4}.Release|Any CPU.Build.0 = Release|Any CPU
	EndGlobalSection
	GlobalSection(SolutionProperties) = preSolution
		HideSolutionNode = FALSE
	EndGlobalSection
EndGlobal
